// !$*UTF8*$!
{
	archiveVersion = 1;
	classes = {
	};
	objectVersion = 46;
	objects = {

/* Begin PBXBuildFile section */
		73A4CA4019ACC0DE004AE0DE /* Foundation.framework in Frameworks */ = {isa = PBXBuildFile; fileRef = 73A4CA3F19ACC0DE004AE0DE /* Foundation.framework */; };
		73A4CA4219ACC0DE004AE0DE /* CoreGraphics.framework in Frameworks */ = {isa = PBXBuildFile; fileRef = 73A4CA4119ACC0DE004AE0DE /* CoreGraphics.framework */; };
		73A4CA4419ACC0DE004AE0DE /* UIKit.framework in Frameworks */ = {isa = PBXBuildFile; fileRef = 73A4CA4319ACC0DE004AE0DE /* UIKit.framework */; };
		73A4CA4A19ACC0DE004AE0DE /* InfoPlist.strings in Resources */ = {isa = PBXBuildFile; fileRef = 73A4CA4819ACC0DE004AE0DE /* InfoPlist.strings */; };
		73A4CA4C19ACC0DE004AE0DE /* main.m in Sources */ = {isa = PBXBuildFile; fileRef = 73A4CA4B19ACC0DE004AE0DE /* main.m */; };
		73A4CA5019ACC0DE004AE0DE /* AppDelegate.m in Sources */ = {isa = PBXBuildFile; fileRef = 73A4CA4F19ACC0DE004AE0DE /* AppDelegate.m */; };
		73A4CA5919ACC0DE004AE0DE /* ViewController.m in Sources */ = {isa = PBXBuildFile; fileRef = 73A4CA5819ACC0DE004AE0DE /* ViewController.m */; };
		73A4CA5B19ACC0DE004AE0DE /* Images.xcassets in Resources */ = {isa = PBXBuildFile; fileRef = 73A4CA5A19ACC0DE004AE0DE /* Images.xcassets */; };
		73A4CA6219ACC0DE004AE0DE /* XCTest.framework in Frameworks */ = {isa = PBXBuildFile; fileRef = 73A4CA6119ACC0DE004AE0DE /* XCTest.framework */; };
		73A4CA6319ACC0DE004AE0DE /* Foundation.framework in Frameworks */ = {isa = PBXBuildFile; fileRef = 73A4CA3F19ACC0DE004AE0DE /* Foundation.framework */; };
		73A4CA6419ACC0DE004AE0DE /* UIKit.framework in Frameworks */ = {isa = PBXBuildFile; fileRef = 73A4CA4319ACC0DE004AE0DE /* UIKit.framework */; };
		73A4CA6C19ACC0DE004AE0DE /* InfoPlist.strings in Resources */ = {isa = PBXBuildFile; fileRef = 73A4CA6A19ACC0DE004AE0DE /* InfoPlist.strings */; };
		73A4CA6E19ACC0DE004AE0DE /* testTests.m in Sources */ = {isa = PBXBuildFile; fileRef = 73A4CA6D19ACC0DE004AE0DE /* testTests.m */; };
		73A4CA7919ACCC91004AE0DE /* RegView.m in Sources */ = {isa = PBXBuildFile; fileRef = 73A4CA7819ACCC91004AE0DE /* RegView.m */; };
		73C259571AC3DF7900A6BFFB /* SupperViewController.m in Sources */ = {isa = PBXBuildFile; fileRef = 73C259561AC3DF7900A6BFFB /* SupperViewController.m */; };
		73C2595A1AC3F0AD00A6BFFB /* icon_jiantou.png in Resources */ = {isa = PBXBuildFile; fileRef = 73C259581AC3F0AD00A6BFFB /* icon_jiantou.png */; };
		73C2595B1AC3F0AD00A6BFFB /* icon_jiantou@2x.png in Resources */ = {isa = PBXBuildFile; fileRef = 73C259591AC3F0AD00A6BFFB /* icon_jiantou@2x.png */; };
		73C84EBC1AB71562006E7EBE /* BViewController.m in Sources */ = {isa = PBXBuildFile; fileRef = 73C84EBB1AB71562006E7EBE /* BViewController.m */; };
		73C9C4C51AC3F957008767E6 /* Default-568h@2x.png in Resources */ = {isa = PBXBuildFile; fileRef = 73C9C4C41AC3F957008767E6 /* Default-568h@2x.png */; };
		73C9C4C81AC4387C008767E6 /* ATMViewController.m in Sources */ = {isa = PBXBuildFile; fileRef = 73C9C4C71AC4387C008767E6 /* ATMViewController.m */; };
		73C9C4CB1AC546CF008767E6 /* BtnViewController.m in Sources */ = {isa = PBXBuildFile; fileRef = 73C9C4CA1AC546CF008767E6 /* BtnViewController.m */; };
		73C9C4CE1AC551C9008767E6 /* Camare.xib in Resources */ = {isa = PBXBuildFile; fileRef = 73C9C4CD1AC551C9008767E6 /* Camare.xib */; };
		73C9C4D21ADD4A52008767E6 /* DogViewController.m in Sources */ = {isa = PBXBuildFile; fileRef = 73C9C4D11ADD4A52008767E6 /* DogViewController.m */; };
/* End PBXBuildFile section */

/* Begin PBXContainerItemProxy section */
		73A4CA6519ACC0DE004AE0DE /* PBXContainerItemProxy */ = {
			isa = PBXContainerItemProxy;
			containerPortal = 73A4CA3419ACC0DE004AE0DE /* Project object */;
			proxyType = 1;
			remoteGlobalIDString = 73A4CA3B19ACC0DE004AE0DE;
			remoteInfo = test;
		};
/* End PBXContainerItemProxy section */

/* Begin PBXFileReference section */
		73A4CA3C19ACC0DE004AE0DE /* test.app */ = {isa = PBXFileReference; explicitFileType = wrapper.application; includeInIndex = 0; path = test.app; sourceTree = BUILT_PRODUCTS_DIR; };
		73A4CA3F19ACC0DE004AE0DE /* Foundation.framework */ = {isa = PBXFileReference; lastKnownFileType = wrapper.framework; name = Foundation.framework; path = System/Library/Frameworks/Foundation.framework; sourceTree = SDKROOT; };
		73A4CA4119ACC0DE004AE0DE /* CoreGraphics.framework */ = {isa = PBXFileReference; lastKnownFileType = wrapper.framework; name = CoreGraphics.framework; path = System/Library/Frameworks/CoreGraphics.framework; sourceTree = SDKROOT; };
		73A4CA4319ACC0DE004AE0DE /* UIKit.framework */ = {isa = PBXFileReference; lastKnownFileType = wrapper.framework; name = UIKit.framework; path = System/Library/Frameworks/UIKit.framework; sourceTree = SDKROOT; };
		73A4CA4719ACC0DE004AE0DE /* test-Info.plist */ = {isa = PBXFileReference; lastKnownFileType = text.plist.xml; path = "test-Info.plist"; sourceTree = "<group>"; };
		73A4CA4919ACC0DE004AE0DE /* en */ = {isa = PBXFileReference; lastKnownFileType = text.plist.strings; name = en; path = en.lproj/InfoPlist.strings; sourceTree = "<group>"; };
		73A4CA4B19ACC0DE004AE0DE /* main.m */ = {isa = PBXFileReference; lastKnownFileType = sourcecode.c.objc; path = main.m; sourceTree = "<group>"; };
		73A4CA4D19ACC0DE004AE0DE /* test-Prefix.pch */ = {isa = PBXFileReference; lastKnownFileType = sourcecode.c.h; path = "test-Prefix.pch"; sourceTree = "<group>"; };
		73A4CA4E19ACC0DE004AE0DE /* AppDelegate.h */ = {isa = PBXFileReference; lastKnownFileType = sourcecode.c.h; path = AppDelegate.h; sourceTree = "<group>"; };
		73A4CA4F19ACC0DE004AE0DE /* AppDelegate.m */ = {isa = PBXFileReference; lastKnownFileType = sourcecode.c.objc; path = AppDelegate.m; sourceTree = "<group>"; };
		73A4CA5719ACC0DE004AE0DE /* ViewController.h */ = {isa = PBXFileReference; lastKnownFileType = sourcecode.c.h; path = ViewController.h; sourceTree = "<group>"; };
		73A4CA5819ACC0DE004AE0DE /* ViewController.m */ = {isa = PBXFileReference; lastKnownFileType = sourcecode.c.objc; path = ViewController.m; sourceTree = "<group>"; };
		73A4CA5A19ACC0DE004AE0DE /* Images.xcassets */ = {isa = PBXFileReference; lastKnownFileType = folder.assetcatalog; path = Images.xcassets; sourceTree = "<group>"; };
		73A4CA6019ACC0DE004AE0DE /* testTests.xctest */ = {isa = PBXFileReference; explicitFileType = wrapper.cfbundle; includeInIndex = 0; path = testTests.xctest; sourceTree = BUILT_PRODUCTS_DIR; };
		73A4CA6119ACC0DE004AE0DE /* XCTest.framework */ = {isa = PBXFileReference; lastKnownFileType = wrapper.framework; name = XCTest.framework; path = Library/Frameworks/XCTest.framework; sourceTree = DEVELOPER_DIR; };
		73A4CA6919ACC0DE004AE0DE /* testTests-Info.plist */ = {isa = PBXFileReference; lastKnownFileType = text.plist.xml; path = "testTests-Info.plist"; sourceTree = "<group>"; };
		73A4CA6B19ACC0DE004AE0DE /* en */ = {isa = PBXFileReference; lastKnownFileType = text.plist.strings; name = en; path = en.lproj/InfoPlist.strings; sourceTree = "<group>"; };
		73A4CA6D19ACC0DE004AE0DE /* testTests.m */ = {isa = PBXFileReference; lastKnownFileType = sourcecode.c.objc; path = testTests.m; sourceTree = "<group>"; };
		73A4CA7719ACCC91004AE0DE /* RegView.h */ = {isa = PBXFileReference; fileEncoding = 4; lastKnownFileType = sourcecode.c.h; path = RegView.h; sourceTree = "<group>"; };
		73A4CA7819ACCC91004AE0DE /* RegView.m */ = {isa = PBXFileReference; fileEncoding = 4; lastKnownFileType = sourcecode.c.objc; path = RegView.m; sourceTree = "<group>"; };
		73C259551AC3DF7900A6BFFB /* SupperViewController.h */ = {isa = PBXFileReference; fileEncoding = 4; lastKnownFileType = sourcecode.c.h; path = SupperViewController.h; sourceTree = "<group>"; };
		73C259561AC3DF7900A6BFFB /* SupperViewController.m */ = {isa = PBXFileReference; fileEncoding = 4; lastKnownFileType = sourcecode.c.objc; path = SupperViewController.m; sourceTree = "<group>"; };
		73C259581AC3F0AD00A6BFFB /* icon_jiantou.png */ = {isa = PBXFileReference; lastKnownFileType = image.png; path = icon_jiantou.png; sourceTree = "<group>"; };
		73C259591AC3F0AD00A6BFFB /* icon_jiantou@2x.png */ = {isa = PBXFileReference; lastKnownFileType = image.png; path = "icon_jiantou@2x.png"; sourceTree = "<group>"; };
		73C84EBA1AB71562006E7EBE /* BViewController.h */ = {isa = PBXFileReference; fileEncoding = 4; lastKnownFileType = sourcecode.c.h; path = BViewController.h; sourceTree = "<group>"; };
		73C84EBB1AB71562006E7EBE /* BViewController.m */ = {isa = PBXFileReference; fileEncoding = 4; lastKnownFileType = sourcecode.c.objc; path = BViewController.m; sourceTree = "<group>"; };
		73C9C4C41AC3F957008767E6 /* Default-568h@2x.png */ = {isa = PBXFileReference; lastKnownFileType = image.png; path = "Default-568h@2x.png"; sourceTree = "<group>"; };
		73C9C4C61AC4387C008767E6 /* ATMViewController.h */ = {isa = PBXFileReference; fileEncoding = 4; lastKnownFileType = sourcecode.c.h; path = ATMViewController.h; sourceTree = "<group>"; };
		73C9C4C71AC4387C008767E6 /* ATMViewController.m */ = {isa = PBXFileReference; fileEncoding = 4; lastKnownFileType = sourcecode.c.objc; path = ATMViewController.m; sourceTree = "<group>"; };
		73C9C4C91AC546CF008767E6 /* BtnViewController.h */ = {isa = PBXFileReference; fileEncoding = 4; lastKnownFileType = sourcecode.c.h; path = BtnViewController.h; sourceTree = "<group>"; };
		73C9C4CA1AC546CF008767E6 /* BtnViewController.m */ = {isa = PBXFileReference; fileEncoding = 4; lastKnownFileType = sourcecode.c.objc; path = BtnViewController.m; sourceTree = "<group>"; };
		73C9C4CD1AC551C9008767E6 /* Camare.xib */ = {isa = PBXFileReference; fileEncoding = 4; lastKnownFileType = file.xib; path = Camare.xib; sourceTree = "<group>"; };
		73C9C4D01ADD4A52008767E6 /* DogViewController.h */ = {isa = PBXFileReference; fileEncoding = 4; lastKnownFileType = sourcecode.c.h; path = DogViewController.h; sourceTree = "<group>"; };
		73C9C4D11ADD4A52008767E6 /* DogViewController.m */ = {isa = PBXFileReference; fileEncoding = 4; lastKnownFileType = sourcecode.c.objc; path = DogViewController.m; sourceTree = "<group>"; };
/* End PBXFileReference section */

/* Begin PBXFrameworksBuildPhase section */
		73A4CA3919ACC0DE004AE0DE /* Frameworks */ = {
			isa = PBXFrameworksBuildPhase;
			buildActionMask = 2147483647;
			files = (
				73A4CA4219ACC0DE004AE0DE /* CoreGraphics.framework in Frameworks */,
				73A4CA4419ACC0DE004AE0DE /* UIKit.framework in Frameworks */,
				73A4CA4019ACC0DE004AE0DE /* Foundation.framework in Frameworks */,
			);
			runOnlyForDeploymentPostprocessing = 0;
		};
		73A4CA5D19ACC0DE004AE0DE /* Frameworks */ = {
			isa = PBXFrameworksBuildPhase;
			buildActionMask = 2147483647;
			files = (
				73A4CA6219ACC0DE004AE0DE /* XCTest.framework in Frameworks */,
				73A4CA6419ACC0DE004AE0DE /* UIKit.framework in Frameworks */,
				73A4CA6319ACC0DE004AE0DE /* Foundation.framework in Frameworks */,
			);
			runOnlyForDeploymentPostprocessing = 0;
		};
/* End PBXFrameworksBuildPhase section */

/* Begin PBXGroup section */
		73A4CA3319ACC0DE004AE0DE = {
			isa = PBXGroup;
			children = (
				73A4CA4519ACC0DE004AE0DE /* test */,
				73A4CA6719ACC0DE004AE0DE /* testTests */,
				73A4CA3E19ACC0DE004AE0DE /* Frameworks */,
				73A4CA3D19ACC0DE004AE0DE /* Products */,
			);
			sourceTree = "<group>";
		};
		73A4CA3D19ACC0DE004AE0DE /* Products */ = {
			isa = PBXGroup;
			children = (
				73A4CA3C19ACC0DE004AE0DE /* test.app */,
				73A4CA6019ACC0DE004AE0DE /* testTests.xctest */,
			);
			name = Products;
			sourceTree = "<group>";
		};
		73A4CA3E19ACC0DE004AE0DE /* Frameworks */ = {
			isa = PBXGroup;
			children = (
				73A4CA3F19ACC0DE004AE0DE /* Foundation.framework */,
				73A4CA4119ACC0DE004AE0DE /* CoreGraphics.framework */,
				73A4CA4319ACC0DE004AE0DE /* UIKit.framework */,
				73A4CA6119ACC0DE004AE0DE /* XCTest.framework */,
			);
			name = Frameworks;
			sourceTree = "<group>";
		};
		73A4CA4519ACC0DE004AE0DE /* test */ = {
			isa = PBXGroup;
			children = (
				73C9C4CC1AC55171008767E6 /* xib */,
				73C259541AC3DF4200A6BFFB /* SupperViewController */,
				73A4CA4E19ACC0DE004AE0DE /* AppDelegate.h */,
				73A4CA4F19ACC0DE004AE0DE /* AppDelegate.m */,
				73A4CA5719ACC0DE004AE0DE /* ViewController.h */,
				73C9C4CF1ADD49F4008767E6 /* New Group */,
				73A4CA5819ACC0DE004AE0DE /* ViewController.m */,
				73C84EBA1AB71562006E7EBE /* BViewController.h */,
				73C84EBB1AB71562006E7EBE /* BViewController.m */,
				73A4CA4619ACC0DE004AE0DE /* Supporting Files */,
				73C9C4C61AC4387C008767E6 /* ATMViewController.h */,
				73C9C4C71AC4387C008767E6 /* ATMViewController.m */,
				73C9C4C91AC546CF008767E6 /* BtnViewController.h */,
				73C9C4CA1AC546CF008767E6 /* BtnViewController.m */,
			);
			path = test;
			sourceTree = "<group>";
		};
		73A4CA4619ACC0DE004AE0DE /* Supporting Files */ = {
			isa = PBXGroup;
			children = (
				73A4CA7719ACCC91004AE0DE /* RegView.h */,
				73A4CA7819ACCC91004AE0DE /* RegView.m */,
				73A4CA5A19ACC0DE004AE0DE /* Images.xcassets */,
				73A4CA4719ACC0DE004AE0DE /* test-Info.plist */,
				73A4CA4819ACC0DE004AE0DE /* InfoPlist.strings */,
				73A4CA4B19ACC0DE004AE0DE /* main.m */,
				73A4CA4D19ACC0DE004AE0DE /* test-Prefix.pch */,
			);
			name = "Supporting Files";
			sourceTree = "<group>";
		};
		73A4CA6719ACC0DE004AE0DE /* testTests */ = {
			isa = PBXGroup;
			children = (
				73A4CA6D19ACC0DE004AE0DE /* testTests.m */,
				73A4CA6819ACC0DE004AE0DE /* Supporting Files */,
			);
			path = testTests;
			sourceTree = "<group>";
		};
		73A4CA6819ACC0DE004AE0DE /* Supporting Files */ = {
			isa = PBXGroup;
			children = (
				73A4CA6919ACC0DE004AE0DE /* testTests-Info.plist */,
				73A4CA6A19ACC0DE004AE0DE /* InfoPlist.strings */,
			);
			name = "Supporting Files";
			sourceTree = "<group>";
		};
		73C259541AC3DF4200A6BFFB /* SupperViewController */ = {
			isa = PBXGroup;
			children = (
				73C9C4C41AC3F957008767E6 /* Default-568h@2x.png */,
				73C259581AC3F0AD00A6BFFB /* icon_jiantou.png */,
				73C259591AC3F0AD00A6BFFB /* icon_jiantou@2x.png */,
				73C259551AC3DF7900A6BFFB /* SupperViewController.h */,
				73C259561AC3DF7900A6BFFB /* SupperViewController.m */,
			);
			name = SupperViewController;
			sourceTree = "<group>";
		};
		73C9C4CC1AC55171008767E6 /* xib */ = {
			isa = PBXGroup;
			children = (
				73C9C4CD1AC551C9008767E6 /* Camare.xib */,
			);
			name = xib;
			sourceTree = "<group>";
		};
		73C9C4CF1ADD49F4008767E6 /* New Group */ = {
			isa = PBXGroup;
			children = (
				73C9C4D01ADD4A52008767E6 /* DogViewController.h */,
				73C9C4D11ADD4A52008767E6 /* DogViewController.m */,
			);
			name = "New Group";
			sourceTree = "<group>";
		};
/* End PBXGroup section */

/* Begin PBXNativeTarget section */
		73A4CA3B19ACC0DE004AE0DE /* test */ = {
			isa = PBXNativeTarget;
			buildConfigurationList = 73A4CA7119ACC0DE004AE0DE /* Build configuration list for PBXNativeTarget "test" */;
			buildPhases = (
				73A4CA3819ACC0DE004AE0DE /* Sources */,
				73A4CA3919ACC0DE004AE0DE /* Frameworks */,
				73A4CA3A19ACC0DE004AE0DE /* Resources */,
			);
			buildRules = (
			);
			dependencies = (
			);
			name = test;
			productName = test;
			productReference = 73A4CA3C19ACC0DE004AE0DE /* test.app */;
			productType = "com.apple.product-type.application";
		};
		73A4CA5F19ACC0DE004AE0DE /* testTests */ = {
			isa = PBXNativeTarget;
			buildConfigurationList = 73A4CA7419ACC0DE004AE0DE /* Build configuration list for PBXNativeTarget "testTests" */;
			buildPhases = (
				73A4CA5C19ACC0DE004AE0DE /* Sources */,
				73A4CA5D19ACC0DE004AE0DE /* Frameworks */,
				73A4CA5E19ACC0DE004AE0DE /* Resources */,
			);
			buildRules = (
			);
			dependencies = (
				73A4CA6619ACC0DE004AE0DE /* PBXTargetDependency */,
			);
			name = testTests;
			productName = testTests;
			productReference = 73A4CA6019ACC0DE004AE0DE /* testTests.xctest */;
			productType = "com.apple.product-type.bundle.unit-test";
		};
/* End PBXNativeTarget section */

/* Begin PBXProject section */
		73A4CA3419ACC0DE004AE0DE /* Project object */ = {
			isa = PBXProject;
			attributes = {
				LastUpgradeCheck = 0510;
				ORGANIZATIONNAME = "___FULLUSERNAME___";
				TargetAttributes = {
					73A4CA5F19ACC0DE004AE0DE = {
						TestTargetID = 73A4CA3B19ACC0DE004AE0DE;
					};
				};
			};
			buildConfigurationList = 73A4CA3719ACC0DE004AE0DE /* Build configuration list for PBXProject "test" */;
			compatibilityVersion = "Xcode 3.2";
			developmentRegion = English;
			hasScannedForEncodings = 0;
			knownRegions = (
				en,
				Base,
			);
			mainGroup = 73A4CA3319ACC0DE004AE0DE;
			productRefGroup = 73A4CA3D19ACC0DE004AE0DE /* Products */;
			projectDirPath = "";
			projectRoot = "";
			targets = (
				73A4CA3B19ACC0DE004AE0DE /* test */,
				73A4CA5F19ACC0DE004AE0DE /* testTests */,
			);
		};
/* End PBXProject section */

/* Begin PBXResourcesBuildPhase section */
		73A4CA3A19ACC0DE004AE0DE /* Resources */ = {
			isa = PBXResourcesBuildPhase;
			buildActionMask = 2147483647;
			files = (
				73A4CA5B19ACC0DE004AE0DE /* Images.xcassets in Resources */,
				73C2595A1AC3F0AD00A6BFFB /* icon_jiantou.png in Resources */,
				73C2595B1AC3F0AD00A6BFFB /* icon_jiantou@2x.png in Resources */,
				73C9C4C51AC3F957008767E6 /* Default-568h@2x.png in Resources */,
				73C9C4CE1AC551C9008767E6 /* Camare.xib in Resources */,
				73A4CA4A19ACC0DE004AE0DE /* InfoPlist.strings in Resources */,
			);
			runOnlyForDeploymentPostprocessing = 0;
		};
		73A4CA5E19ACC0DE004AE0DE /* Resources */ = {
			isa = PBXResourcesBuildPhase;
			buildActionMask = 2147483647;
			files = (
				73A4CA6C19ACC0DE004AE0DE /* InfoPlist.strings in Resources */,
			);
			runOnlyForDeploymentPostprocessing = 0;
		};
/* End PBXResourcesBuildPhase section */

/* Begin PBXSourcesBuildPhase section */
		73A4CA3819ACC0DE004AE0DE /* Sources */ = {
			isa = PBXSourcesBuildPhase;
			buildActionMask = 2147483647;
			files = (
				73A4CA5919ACC0DE004AE0DE /* ViewController.m in Sources */,
				73C9C4CB1AC546CF008767E6 /* BtnViewController.m in Sources */,
				73C259571AC3DF7900A6BFFB /* SupperViewController.m in Sources */,
				73C9C4D21ADD4A52008767E6 /* DogViewController.m in Sources */,
				73A4CA7919ACCC91004AE0DE /* RegView.m in Sources */,
				73A4CA5019ACC0DE004AE0DE /* AppDelegate.m in Sources */,
				73C84EBC1AB71562006E7EBE /* BViewController.m in Sources */,
				73A4CA4C19ACC0DE004AE0DE /* main.m in Sources */,
				73C9C4C81AC4387C008767E6 /* ATMViewController.m in Sources */,
			);
			runOnlyForDeploymentPostprocessing = 0;
		};
		73A4CA5C19ACC0DE004AE0DE /* Sources */ = {
			isa = PBXSourcesBuildPhase;
			buildActionMask = 2147483647;
			files = (
				73A4CA6E19ACC0DE004AE0DE /* testTests.m in Sources */,
			);
			runOnlyForDeploymentPostprocessing = 0;
		};
/* End PBXSourcesBuildPhase section */

/* Begin PBXTargetDependency section */
		73A4CA6619ACC0DE004AE0DE /* PBXTargetDependency */ = {
			isa = PBXTargetDependency;
			target = 73A4CA3B19ACC0DE004AE0DE /* test */;
			targetProxy = 73A4CA6519ACC0DE004AE0DE /* PBXContainerItemProxy */;
		};
/* End PBXTargetDependency section */

/* Begin PBXVariantGroup section */
		73A4CA4819ACC0DE004AE0DE /* InfoPlist.strings */ = {
			isa = PBXVariantGroup;
			children = (
				73A4CA4919ACC0DE004AE0DE /* en */,
			);
			name = InfoPlist.strings;
			sourceTree = "<group>";
		};
		73A4CA6A19ACC0DE004AE0DE /* InfoPlist.strings */ = {
			isa = PBXVariantGroup;
			children = (
				73A4CA6B19ACC0DE004AE0DE /* en */,
			);
			name = InfoPlist.strings;
			sourceTree = "<group>";
		};
/* End PBXVariantGroup section */

/* Begin XCBuildConfiguration section */
		73A4CA6F19ACC0DE004AE0DE /* Debug */ = {
			isa = XCBuildConfiguration;
			buildSettings = {
				ALWAYS_SEARCH_USER_PATHS = NO;
				CLANG_CXX_LANGUAGE_STANDARD = "gnu++0x";
				CLANG_CXX_LIBRARY = "libc++";
				CLANG_ENABLE_MODULES = YES;
				CLANG_ENABLE_OBJC_ARC = YES;
				CLANG_WARN_BOOL_CONVERSION = YES;
				CLANG_WARN_CONSTANT_CONVERSION = YES;
				CLANG_WARN_DIRECT_OBJC_ISA_USAGE = YES_ERROR;
				CLANG_WARN_EMPTY_BODY = YES;
				CLANG_WARN_ENUM_CONVERSION = YES;
				CLANG_WARN_INT_CONVERSION = YES;
				CLANG_WARN_OBJC_ROOT_CLASS = YES_ERROR;
				CLANG_WARN__DUPLICATE_METHOD_MATCH = YES;
				CODE_SIGN_IDENTITY = "iPhone Developer";
				"CODE_SIGN_IDENTITY[sdk=iphoneos*]" = "iPhone Developer";
				COPY_PHASE_STRIP = NO;
				GCC_C_LANGUAGE_STANDARD = gnu99;
				GCC_DYNAMIC_NO_PIC = NO;
				GCC_OPTIMIZATION_LEVEL = 0;
				GCC_PREPROCESSOR_DEFINITIONS = (
					"DEBUG=1",
					"$(inherited)",
				);
				GCC_SYMBOLS_PRIVATE_EXTERN = NO;
				GCC_WARN_64_TO_32_BIT_CONVERSION = YES;
				GCC_WARN_ABOUT_RETURN_TYPE = YES_ERROR;
				GCC_WARN_UNDECLARED_SELECTOR = YES;
				GCC_WARN_UNINITIALIZED_AUTOS = YES_AGGRESSIVE;
				GCC_WARN_UNUSED_FUNCTION = YES;
				GCC_WARN_UNUSED_VARIABLE = YES;
				IPHONEOS_DEPLOYMENT_TARGET = 6.1;
				ONLY_ACTIVE_ARCH = YES;
				PROVISIONING_PROFILE = "";
				SDKROOT = iphoneos;
				TARGETED_DEVICE_FAMILY = "1,2";
			};
			name = Debug;
		};
		73A4CA7019ACC0DE004AE0DE /* Release */ = {
			isa = XCBuildConfiguration;
			buildSettings = {
				ALWAYS_SEARCH_USER_PATHS = NO;
				CLANG_CXX_LANGUAGE_STANDARD = "gnu++0x";
				CLANG_CXX_LIBRARY = "libc++";
				CLANG_ENABLE_MODULES = YES;
				CLANG_ENABLE_OBJC_ARC = YES;
				CLANG_WARN_BOOL_CONVERSION = YES;
				CLANG_WARN_CONSTANT_CONVERSION = YES;
				CLANG_WARN_DIRECT_OBJC_ISA_USAGE = YES_ERROR;
				CLANG_WARN_EMPTY_BODY = YES;
				CLANG_WARN_ENUM_CONVERSION = YES;
				CLANG_WARN_INT_CONVERSION = YES;
				CLANG_WARN_OBJC_ROOT_CLASS = YES_ERROR;
				CLANG_WARN__DUPLICATE_METHOD_MATCH = YES;
				CODE_SIGN_IDENTITY = "iPhone Developer";
				"CODE_SIGN_IDENTITY[sdk=iphoneos*]" = "iPhone Developer";
				COPY_PHASE_STRIP = YES;
				ENABLE_NS_ASSERTIONS = NO;
				GCC_C_LANGUAGE_STANDARD = gnu99;
				GCC_WARN_64_TO_32_BIT_CONVERSION = YES;
				GCC_WARN_ABOUT_RETURN_TYPE = YES_ERROR;
				GCC_WARN_UNDECLARED_SELECTOR = YES;
				GCC_WARN_UNINITIALIZED_AUTOS = YES_AGGRESSIVE;
				GCC_WARN_UNUSED_FUNCTION = YES;
				GCC_WARN_UNUSED_VARIABLE = YES;
				IPHONEOS_DEPLOYMENT_TARGET = 6.1;
				PROVISIONING_PROFILE = "";
				SDKROOT = iphoneos;
				TARGETED_DEVICE_FAMILY = "1,2";
				VALIDATE_PRODUCT = YES;
			};
			name = Release;
		};
		73A4CA7219ACC0DE004AE0DE /* Debug */ = {
			isa = XCBuildConfiguration;
			buildSettings = {
				ASSETCATALOG_COMPILER_APPICON_NAME = AppIcon;
				CODE_SIGN_IDENTITY = "iPhone Developer";
				"CODE_SIGN_IDENTITY[sdk=iphoneos*]" = "iPhone Developer";
				GCC_PRECOMPILE_PREFIX_HEADER = YES;
				GCC_PREFIX_HEADER = "test/test-Prefix.pch";
				INFOPLIST_FILE = "test/test-Info.plist";
				IPHONEOS_DEPLOYMENT_TARGET = 6.0;
				PRODUCT_NAME = "$(TARGET_NAME)";
				PROVISIONING_PROFILE = "";
				WRAPPER_EXTENSION = app;
			};
			name = Debug;
		};
		73A4CA7319ACC0DE004AE0DE /* Release */ = {
			isa = XCBuildConfiguration;
			buildSettings = {
				ASSETCATALOG_COMPILER_APPICON_NAME = AppIcon;
				CODE_SIGN_IDENTITY = "iPhone Developer";
				GCC_PRECOMPILE_PREFIX_HEADER = YES;
				GCC_PREFIX_HEADER = "test/test-Prefix.pch";
				INFOPLIST_FILE = "test/test-Info.plist";
				IPHONEOS_DEPLOYMENT_TARGET = 6.0;
				PRODUCT_NAME = "$(TARGET_NAME)";
				PROVISIONING_PROFILE = "";
				WRAPPER_EXTENSION = app;
			};
			name = Release;
		};
		73A4CA7519ACC0DE004AE0DE /* Debug */ = {
			isa = XCBuildConfiguration;
			buildSettings = {
				BUNDLE_LOADER = "$(BUILT_PRODUCTS_DIR)/test.app/test";
				FRAMEWORK_SEARCH_PATHS = (
					"$(SDKROOT)/Developer/Library/Frameworks",
					"$(inherited)",
					"$(DEVELOPER_FRAMEWORKS_DIR)",
				);
				GCC_PRECOMPILE_PREFIX_HEADER = YES;
				GCC_PREFIX_HEADER = "test/test-Prefix.pch";
				GCC_PREPROCESSOR_DEFINITIONS = (
					"DEBUG=1",
					"$(inherited)",
				);
				INFOPLIST_FILE = "testTests/testTests-Info.plist";
				PRODUCT_NAME = "$(TARGET_NAME)";
				TEST_HOST = "$(BUNDLE_LOADER)";
				WRAPPER_EXTENSION = xctest;
			};
			name = Debug;
		};
		73A4CA7619ACC0DE004AE0DE /* Release */ = {
			isa = XCBuildConfiguration;
			buildSettings = {
				BUNDLE_LOADER = "$(BUILT_PRODUCTS_DIR)/test.app/test";
				FRAMEWORK_SEARCH_PATHS = (
					"$(SDKROOT)/Developer/Library/Frameworks",
					"$(inherited)",
					"$(DEVELOPER_FRAMEWORKS_DIR)",
				);
				GCC_PRECOMPILE_PREFIX_HEADER = YES;
				GCC_PREFIX_HEADER = "test/test-Prefix.pch";
				INFOPLIST_FILE = "testTests/testTests-Info.plist";
				PRODUCT_NAME = "$(TARGET_NAME)";
				TEST_HOST = "$(BUNDLE_LOADER)";
				WRAPPER_EXTENSION = xctest;
			};
			name = Release;
		};
/* End XCBuildConfiguration section */

/* Begin XCConfigurationList section */
		73A4CA3719ACC0DE004AE0DE /* Build configuration list for PBXProject "test" */ = {
			isa = XCConfigurationList;
			buildConfigurations = (
				73A4CA6F19ACC0DE004AE0DE /* Debug */,
				73A4CA7019ACC0DE004AE0DE /* Release */,
			);
			defaultConfigurationIsVisible = 0;
			defaultConfigurationName = Release;
		};
		73A4CA7119ACC0DE004AE0DE /* Build configuration list for PBXNativeTarget "test" */ = {
			isa = XCConfigurationList;
			buildConfigurations = (
				73A4CA7219ACC0DE004AE0DE /* Debug */,
				73A4CA7319ACC0DE004AE0DE /* Release */,
			);
			defaultConfigurationIsVisible = 0;
			defaultConfigurationName = Release;
		};
		73A4CA7419ACC0DE004AE0DE /* Build configuration list for PBXNativeTarget "testTests" */ = {
			isa = XCConfigurationList;
			buildConfigurations = (
				73A4CA7519ACC0DE004AE0DE /* Debug */,
				73A4CA7619ACC0DE004AE0DE /* Release */,
			);
			defaultConfigurationIsVisible = 0;
			defaultConfigurationName = Release;
		};
/* End XCConfigurationList section */
	};
	rootObject = 73A4CA3419ACC0DE004AE0DE /* Project object */;
}
